
Microsoft Visual Studio Solution File, Format Version 12.00
# Visual Studio 15
VisualStudioVersion = 15.0.28307.271
MinimumVisualStudioVersion = 10.0.40219.1
Project("{FAE04EC0-301F-11D3-BF4B-00C04F79EFBC}") = "CaptchaDemo", "CaptchaDemo\CaptchaDemo.csproj", "{D7D7B5CF-9D3F-4BD0-8A42-BCD49CA5A925}"
EndProject
Global
	GlobalSection(SolutionConfigurationPlatforms) = preSolution
		Release|x64 = Release|x64
	EndGlobalSection
	GlobalSection(ProjectConfigurationPlatforms) = postSolution
		{D7D7B5CF-9D3F-4BD0-8A42-BCD49CA5A925}.Release|x64.ActiveCfg = Release|x64
		{D7D7B5CF-9D3F-4BD0-8A42-BCD49CA5A925}.Release|x64.Build.0 = Release|x64
	EndGlobalSection
	GlobalSection(SolutionProperties) = preSolution
		HideSolutionNode = FALSE
	EndGlobalSection
	GlobalSection(ExtensibilityGlobals) = postSolution
		SolutionGuid = {58C6FBAA-24C9-4D34-BF74-CEF442E893DE}
	EndGlobalSection
EndGlobal
